{
  "version": 4,
  "terraform_version": "1.16.3",
  "serial": 5,
  "lineage": "f91214dc-518b-abda-79c3-06fddeba9b67",
  "outputs": {
    "bucket_name": {
      "value": "gcp-lab-leny-lab-bucket",
      "type": "string"
    },
    "bucket_url": {
      "value": "gs://gcp-lab-leny-lab-bucket",
      "type": "string"
    }
  },
  "resources": [
    {
      "mode": "data",
      "type": "google_compute_network",
      "name": "default",
      "provider": "provider[\"registry.terraform.io/hashicorp/google\"]",
      "instances": [
        {
          "schema_version": 0,
          "attributes": {
            "description": "Default network for the project",
            "gateway_ipv4": "",
            "id": "projects/gcp-lab-leny/global/networks/default",
            "internal_ipv6_range": "",
            "name": "default",
            "project": null,
            "self_link": "https://www.googleapis.com/compute/v1/projects/gcp-lab-leny/global/networks/default",
            "subnetworks_self_links": [
              "https://www.googleapis.com/compute/v1/projects/gcp-lab-leny/regions/europe-central2/subnetworks/default",
              "https://www.googleapis.com/compute/v1/projects/gcp-lab-leny/regions/us-west3/subnetworks/default",
              "https://www.googleapis.com/compute/v1/projects/gcp-lab-leny/regions/europe-west12/subnetworks/default",
              "https://www.googleapis.com/compute/v1/projects/gcp-lab-leny/regions/asia-east1/subnetworks/default",
              "https://www.googleapis.com/compute/v1/projects/gcp-lab-leny/regions/europe-southwest1/subnetworks/default",
              "https://www.googleapis.com/compute/v1/projects/gcp-lab-leny/regions/us-central1/subnetworks/default",
              "https://www.googleapis.com/compute/v1/projects/gcp-lab-leny/regions/northamerica-south1/subnetworks/default",
              "https://www.googleapis.com/compute/v1/projects/gcp-lab-leny/regions/asia-southeast2/subnetworks/default",
              "https://www.googleapis.com/compute/v1/projects/gcp-lab-leny/regions/asia-southeast1/subnetworks/default",
              "https://www.googleapis.com/compute/v1/projects/gcp-lab-leny/regions/europe-west10/subnetworks/default",
              "https://www.googleapis.com/compute/v1/projects/gcp-lab-leny/regions/us-east1/subnetworks/default",
              "https://www.googleapis.com/compute/v1/projects/gcp-lab-leny/regions/us-west4/subnetworks/default",
              "https://www.googleapis.com/compute/v1/projects/gcp-lab-leny/regions/africa-south1/subnetworks/default",
              "https://www.googleapis.com/compute/v1/projects/gcp-lab-leny/regions/asia-southeast3/subnetworks/default",
              "https://www.googleapis.com/compute/v1/projects/gcp-lab-leny/regions/me-west1/subnetworks/default",
              "https://www.googleapis.com/compute/v1/projects/gcp-lab-leny/regions/europe-west2/subnetworks/default",
              "https://www.googleapis.com/compute/v1/projects/gcp-lab-leny/regions/asia-northeast2/subnetworks/default",
              "https://www.googleapis.com/compute/v1/projects/gcp-lab-leny/regions/asia-northeast1/subnetworks/default",
              "https://www.googleapis.com/compute/v1/projects/gcp-lab-leny/regions/northamerica-northeast2/subnetworks/default",
              "https://www.googleapis.com/compute/v1/projects/gcp-lab-leny/regions/europe-west4/subnetworks/default",
              "https://www.googleapis.com/compute/v1/projects/gcp-lab-leny/regions/europe-west1/subnetworks/default",
              "https://www.googleapis.com/compute/v1/projects/gcp-lab-leny/regions/me-central1/subnetworks/default",
              "https://www.googleapis.com/compute/v1/projects/gcp-lab-leny/regions/europe-north2/subnetworks/default",
              "https://www.googleapis.com/compute/v1/projects/gcp-lab-leny/regions/us-west1/subnetworks/default",
              "https://www.googleapis.com/compute/v1/projects/gcp-lab-leny/regions/us-east5/subnetworks/default",
              "https://www.googleapis.com/compute/v1/projects/gcp-lab-leny/regions/asia-south1/subnetworks/default",
              "https://www.googleapis.com/compute/v1/projects/gcp-lab-leny/regions/europe-west8/subnetworks/default",
              "https://www.googleapis.com/compute/v1/projects/gcp-lab-leny/regions/asia-northeast3/subnetworks/default",
              "https://www.googleapis.com/compute/v1/projects/gcp-lab-leny/regions/europe-west6/subnetworks/default",
              "https://www.googleapis.com/compute/v1/projects/gcp-lab-leny/regions/australia-southeast1/subnetworks/default",
              "https://www.googleapis.com/compute/v1/projects/gcp-lab-leny/regions/asia-east2/subnetworks/default",
              "https://www.googleapis.com/compute/v1/projects/gcp-lab-leny/regions/us-south1/subnetworks/default",
              "https://www.googleapis.com/compute/v1/projects/gcp-lab-leny/regions/europe-north1/subnetworks/default",
              "https://www.googleapis.com/compute/v1/projects/gcp-lab-leny/regions/us-east4/subnetworks/default",
              "https://www.googleapis.com/compute/v1/projects/gcp-lab-leny/regions/europe-west3/subnetworks/default",
              "https://www.googleapis.com/compute/v1/projects/gcp-lab-leny/regions/asia-south2/subnetworks/default",
              "https://www.googleapis.com/compute/v1/projects/gcp-lab-leny/regions/australia-southeast2/subnetworks/default",
              "https://www.googleapis.com/compute/v1/projects/gcp-lab-leny/regions/southamerica-east1/subnetworks/default",
              "https://www.googleapis.com/compute/v1/projects/gcp-lab-leny/regions/northamerica-northeast1/subnetworks/default",
              "https://www.googleapis.com/compute/v1/projects/gcp-lab-leny/regions/southamerica-west1/subnetworks/default",
              "https://www.googleapis.com/compute/v1/projects/gcp-lab-leny/regions/europe-west9/subnetworks/default",
              "https://www.googleapis.com/compute/v1/projects/gcp-lab-leny/regions/us-west2/subnetworks/default"
            ]
          },
          "sensitive_attributes": [],
          "identity_schema_version": 0
        }
      ]
    },
    {
      "mode": "managed",
      "type": "google_compute_firewall",
      "name": "allow_ssh_http",
      "provider": "provider[\"registry.terraform.io/hashicorp/google\"]",
      "instances": [
        {
          "schema_version": 1,
          "attributes": {
            "allow": [
              {
                "ports": [
                  "22",
                  "80"
                ],
                "protocol": "tcp"
              }
            ],
            "creation_timestamp": "2026-09-22T07:49:38.339-07:00",
            "deny": [],
            "description": "",
            "destination_ranges": [],
            "direction": "INGRESS",
            "disabled": false,
            "enable_logging": null,
            "id": "projects/gcp-lab-leny/global/firewalls/lab-allow-ssh-http",
            "log_config": [],
            "name": "lab-allow-ssh-http",
            "network": "https://www.googleapis.com/compute/v1/projects/gcp-lab-leny/global/networks/default",
            "priority": 1000,
            "project": "gcp-lab-leny",
            "self_link": "https://www.googleapis.com/compute/v1/projects/gcp-lab-leny/global/firewalls/lab-allow-ssh-http",
            "source_ranges": [
              "0.0.0.0/0"
            ],
            "source_service_accounts": null,
            "source_tags": null,
            "target_service_accounts": null,
            "target_tags": [
              "lab-vm"
            ],
            "timeouts": null
          },
          "sensitive_attributes": [],
          "identity_schema_version": 0,
          "private": "eyJlMmJmYjczMC1lY2FhLTExZTYtOGY4OC0zNDM2M2JjN2M0YzAiOnsiY3JlYXRlIjoxMjAwMDAwMDAwMDAwLCJkZWxldGUiOjEyMDAwMDAwMDAwMDAsInVwZGF0ZSI6MTIwMDAwMDAwMDAwMH0sInNjaGVtYV92ZXJzaW9uIjoiMSJ9",
          "dependencies": [
            "data.google_compute_network.default"
          ]
        }
      ]
    },
    {
      "mode": "managed",
      "type": "google_compute_instance",
      "name": "lab_vm",
      "provider": "provider[\"registry.terraform.io/hashicorp/google\"]",
      "instances": [
        {
          "schema_version": 6,
          "attributes": {
            "advanced_machine_features": [],
            "allow_stopping_for_update": null,
            "attached_disk": [],
            "boot_disk": [
              {
                "auto_delete": true,
                "device_name": "persistent-disk-0",
                "disk_encryption_key_raw": "",
                "disk_encryption_key_sha256": "",
                "initialize_params": [
                  {
                    "enable_confidential_compute": false,
                    "image": "https://www.googleapis.com/compute/v1/projects/debian-cloud/global/images/debian-12-bookworm-v20260921",
                    "labels": {},
                    "provisioned_iops": 0,
                    "provisioned_throughput": 0,
                    "resource_manager_tags": null,
                    "size": 10,
                    "storage_pool": "",
                    "type": "pd-standard"
                  }
                ],
                "kms_key_self_link": "",
                "mode": "READ_WRITE",
                "source": "https://www.googleapis.com/compute/v1/projects/gcp-lab-leny/zones/europe-west9-b/disks/lab-vm"
              }
            ],
            "can_ip_forward": false,
            "confidential_instance_config": [],
            "cpu_platform": "Intel Broadwell",
            "current_status": "RUNNING",
            "deletion_protection": false,
            "description": "",
            "desired_status": null,
            "effective_labels": {},
            "enable_display": false,
            "guest_accelerator": [],
            "hostname": "",
            "id": "projects/gcp-lab-leny/zones/europe-west9-b/instances/lab-vm",
            "instance_id": "5583444143358552959",
            "label_fingerprint": "42WmSpB8rSM=",
            "labels": null,
            "machine_type": "e2-micro",
            "metadata": null,
            "metadata_fingerprint": "6orxARk-rTs=",
            "metadata_startup_script": "#!/bin/bash\n# startup.sh\n# This script runs automatically as root the FIRST time the VM boots\n# (GCP calls it the \"startup script\" mechanism). Terraform doesn't\n# execute this itself — it just uploads the script as VM metadata;\n# the Google Guest Agent already installed on the OS image is what\n# actually runs it on boot.\n\nset -euxo pipefail\n\n# Install Docker using the official convenience script (fine for a\n# lab; in production you'd pin versions and use a proper package repo).\ncurl -fsSL https://get.docker.com | sh\n\nsystemctl enable docker\nsystemctl start docker\n\n# Run a simple nginx container on port 80, restart automatically if\n# it ever crashes or the VM reboots.\ndocker run -d \\\n  --name lab-nginx \\\n  --restart unless-stopped \\\n  -p 80:80 \\\n  nginx:stable\n",
            "min_cpu_platform": "",
            "name": "lab-vm",
            "network_interface": [
              {
                "access_config": [
                  {
                    "nat_ip": "34.155.6.174",
                    "network_tier": "PREMIUM",
                    "public_ptr_domain_name": ""
                  }
                ],
                "alias_ip_range": [],
                "internal_ipv6_prefix_length": 0,
                "ipv6_access_config": [],
                "ipv6_access_type": "",
                "ipv6_address": "",
                "name": "nic0",
                "network": "https://www.googleapis.com/compute/v1/projects/gcp-lab-leny/global/networks/default",
                "network_ip": "10.200.0.2",
                "nic_type": "",
                "queue_count": 0,
                "stack_type": "IPV4_ONLY",
                "subnetwork": "https://www.googleapis.com/compute/v1/projects/gcp-lab-leny/regions/europe-west9/subnetworks/default",
                "subnetwork_project": "gcp-lab-leny"
              }
            ],
            "network_performance_config": [],
            "params": [],
            "project": "gcp-lab-leny",
            "reservation_affinity": [],
            "resource_policies": null,
            "scheduling": [
              {
                "automatic_restart": true,
                "instance_termination_action": "",
                "local_ssd_recovery_timeout": [],
                "max_run_duration": [],
                "min_node_cpus": 0,
                "node_affinities": [],
                "on_host_maintenance": "MIGRATE",
                "on_instance_stop_action": [],
                "preemptible": false,
                "provisioning_model": "STANDARD"
              }
            ],
            "scratch_disk": [],
            "self_link": "https://www.googleapis.com/compute/v1/projects/gcp-lab-leny/zones/europe-west9-b/instances/lab-vm",
            "service_account": [
              {
                "email": "lab-vm-sa@gcp-lab-leny.iam.gserviceaccount.com",
                "scopes": [
                  "https://www.googleapis.com/auth/cloud-platform"
                ]
              }
            ],
            "shielded_instance_config": [
              {
                "enable_integrity_monitoring": true,
                "enable_secure_boot": false,
                "enable_vtpm": true
              }
            ],
            "tags": [
              "lab-vm"
            ],
            "tags_fingerprint": "JwatIVTaSs0=",
            "terraform_labels": {},
            "timeouts": null,
            "zone": "europe-west9-b"
          },
          "sensitive_attributes": [
            [
              {
                "type": "get_attr",
                "value": "boot_disk"
              },
              {
                "type": "index",
                "value": {
                  "value": 0,
                  "type": "number"
                }
              },
              {
                "type": "get_attr",
                "value": "disk_encryption_key_raw"
              }
            ]
          ],
          "identity_schema_version": 0,
          "private": "eyJlMmJmYjczMC1lY2FhLTExZTYtOGY4OC0zNDM2M2JjN2M0YzAiOnsiY3JlYXRlIjoxMjAwMDAwMDAwMDAwLCJkZWxldGUiOjEyMDAwMDAwMDAwMDAsInVwZGF0ZSI6MTIwMDAwMDAwMDAwMH0sInNjaGVtYV92ZXJzaW9uIjoiNiJ9",
          "dependencies": [
            "data.google_compute_network.default",
            "google_service_account.vm_sa"
          ]
        }
      ]
    },
    {
      "mode": "managed",
      "type": "google_service_account",
      "name": "vm_sa",
      "provider": "provider[\"registry.terraform.io/hashicorp/google\"]",
      "instances": [
        {
          "schema_version": 0,
          "attributes": {
            "account_id": "lab-vm-sa",
            "create_ignore_already_exists": null,
            "description": "",
            "disabled": false,
            "display_name": "Service account for the lab Compute Engine VM",
            "email": "lab-vm-sa@gcp-lab-leny.iam.gserviceaccount.com",
            "id": "projects/gcp-lab-leny/serviceAccounts/lab-vm-sa@gcp-lab-leny.iam.gserviceaccount.com",
            "member": "serviceAccount:lab-vm-sa@gcp-lab-leny.iam.gserviceaccount.com",
            "name": "projects/gcp-lab-leny/serviceAccounts/lab-vm-sa@gcp-lab-leny.iam.gserviceaccount.com",
            "project": "gcp-lab-leny",
            "timeouts": null,
            "unique_id": "116200002157519702122"
          },
          "sensitive_attributes": [],
          "identity_schema_version": 0,
          "private": "eyJlMmJmYjczMC1lY2FhLTExZTYtOGY4OC0zNDM2M2JjN2M0YzAiOnsiY3JlYXRlIjozMDAwMDAwMDAwMDB9fQ=="
        }
      ]
    },
    {
      "mode": "managed",
      "type": "google_storage_bucket",
      "name": "lab_bucket",
      "provider": "provider[\"registry.terraform.io/hashicorp/google\"]",
      "instances": [
        {
          "schema_version": 2,
          "attributes": {
            "autoclass": [],
            "cors": [],
            "custom_placement_config": [],
            "default_event_based_hold": false,
            "effective_labels": {},
            "enable_object_retention": false,
            "encryption": [],
            "force_destroy": true,
            "id": "gcp-lab-leny-lab-bucket",
            "labels": null,
            "lifecycle_rule": [
              {
                "action": [
                  {
                    "storage_class": "",
                    "type": "Delete"
                  }
                ],
                "condition": [
                  {
                    "age": 7,
                    "created_before": "",
                    "custom_time_before": "",
                    "days_since_custom_time": 0,
                    "days_since_noncurrent_time": 0,
                    "matches_prefix": [],
                    "matches_storage_class": [],
                    "matches_suffix": [],
                    "no_age": false,
                    "noncurrent_time_before": "",
                    "num_newer_versions": 0,
                    "send_age_if_zero": true,
                    "send_days_since_custom_time_if_zero": false,
                    "send_days_since_noncurrent_time_if_zero": false,
                    "send_num_newer_versions_if_zero": false,
                    "with_state": "ANY"
                  }
                ]
              }
            ],
            "location": "EUROPE-WEST9",
            "logging": [],
            "name": "gcp-lab-leny-lab-bucket",
            "project": "gcp-lab-leny",
            "project_number": 862433085619,
            "public_access_prevention": "inherited",
            "requester_pays": false,
            "retention_policy": [],
            "rpo": null,
            "self_link": "https://www.googleapis.com/storage/v1/b/gcp-lab-leny-lab-bucket",
            "soft_delete_policy": [
              {
                "effective_time": "2026-09-22T14:49:38.612Z",
                "retention_duration_seconds": 604800
              }
            ],
            "storage_class": "STANDARD",
            "terraform_labels": {},
            "timeouts": null,
            "uniform_bucket_level_access": true,
            "url": "gs://gcp-lab-leny-lab-bucket",
            "versioning": [],
            "website": []
          },
          "sensitive_attributes": [],
          "identity_schema_version": 0,
          "private": "eyJlMmJmYjczMC1lY2FhLTExZTYtOGY4OC0zNDM2M2JjN2M0YzAiOnsiY3JlYXRlIjo2MDAwMDAwMDAwMDAsInJlYWQiOjI0MDAwMDAwMDAwMCwidXBkYXRlIjoyNDAwMDAwMDAwMDB9LCJzY2hlbWFfdmVyc2lvbiI6IjIifQ=="
        }
      ]
    }
  ],
  "check_results": null
}
